{
  "name": "forge-starter",
  "version": "1.0.0",
  "lockfileVersion": 2,
  "requires": true,
  "packages": {
    "": {
      "name": "forge-starter",
      "version": "1.0.0",
      "license": "MIT",
      "dependencies": {
        "@thirdweb-dev/contracts": "^3"
      }
    },
    "node_modules/@thirdweb-dev/contracts": {
      "version": "3.4.2",
      "resolved": "https://registry.npmjs.org/@thirdweb-dev/contracts/-/contracts-3.4.2.tgz",
      "integrity": "sha512-mfEm+EeDhZSuCjm5Ig/EgGWamxGMN9tPc0c+l/bU1/uRzEnEw5nzHH8y5H0snjXn6r2oJ9V0FTN956699MHSfg==",
      "license": "Apache-2.0"
    }
  },
  "dependencies": {
    "@thirdweb-dev/contracts": {
      "version": "3.4.2",
      "resolved": "https://registry.npmjs.org/@thirdweb-dev/contracts/-/contracts-3.4.2.tgz",
      "integrity": "sha512-mfEm+EeDhZSuCjm5Ig/EgGWamxGMN9tPc0c+l/bU1/uRzEnEw5nzHH8y5H0snjXn6r2oJ9V0FTN956699MHSfg=="
    }
  }
}
